// !$*UTF8*$!
{
	archiveVersion = 1;
	classes = {
	};
	objectVersion = 48;
	objects = {

/* Begin PBXBuildFile section */
		3F0C23BB20A5C99A004C05D7 /* APIRequest.swift in Sources */ = {isa = PBXBuildFile; fileRef = 3F0C23BA20A5C99A004C05D7 /* APIRequest.swift */; };
		3F0C23BD20A5CCE4004C05D7 /* AiringToday.swift in Sources */ = {isa = PBXBuildFile; fileRef = 3F0C23BC20A5CCE4004C05D7 /* AiringToday.swift */; };
		3F0C23C320A6A50F004C05D7 /* TvParent.swift in Sources */ = {isa = PBXBuildFile; fileRef = 3F0C23C220A6A50F004C05D7 /* TvParent.swift */; };
		3F0C23C520A6A65A004C05D7 /* TvTableViewCell.swift in Sources */ = {isa = PBXBuildFile; fileRef = 3F0C23C420A6A65A004C05D7 /* TvTableViewCell.swift */; };
		3F0C23C720A6AA6E004C05D7 /* Tvs.swift in Sources */ = {isa = PBXBuildFile; fileRef = 3F0C23C620A6AA6E004C05D7 /* Tvs.swift */; };
		3F2588CE20978554009AC275 /* KobisAPI.swift in Sources */ = {isa = PBXBuildFile; fileRef = 3F2588CD20978554009AC275 /* KobisAPI.swift */; };
		3F2588D020978892009AC275 /* KobisData.swift in Sources */ = {isa = PBXBuildFile; fileRef = 3F2588CF20978892009AC275 /* KobisData.swift */; };
		3F2588D220979562009AC275 /* BoxOfficeTableViewCell.swift in Sources */ = {isa = PBXBuildFile; fileRef = 3F2588D120979562009AC275 /* BoxOfficeTableViewCell.swift */; };
		3F5E9CB020A03D6100341952 /* Popular.swift in Sources */ = {isa = PBXBuildFile; fileRef = 3F5E9CAF20A03D6100341952 /* Popular.swift */; };
		3F5E9CB220A03FB300341952 /* NowPlaying.swift in Sources */ = {isa = PBXBuildFile; fileRef = 3F5E9CB120A03FB300341952 /* NowPlaying.swift */; };
		3F5E9CB420A03FCF00341952 /* UpComing.swift in Sources */ = {isa = PBXBuildFile; fileRef = 3F5E9CB320A03FCF00341952 /* UpComing.swift */; };
		3F5E9CB620A03FF600341952 /* Latest.swift in Sources */ = {isa = PBXBuildFile; fileRef = 3F5E9CB520A03FF600341952 /* Latest.swift */; };
		3F6A3C24208A45B90026C4F9 /* AppDelegate.swift in Sources */ = {isa = PBXBuildFile; fileRef = 3F6A3C23208A45B90026C4F9 /* AppDelegate.swift */; };
		3F6A3C26208A45B90026C4F9 /* DailyBoxOffice.swift in Sources */ = {isa = PBXBuildFile; fileRef = 3F6A3C25208A45B90026C4F9 /* DailyBoxOffice.swift */; };
		3F6A3C29208A45B90026C4F9 /* Main.storyboard in Resources */ = {isa = PBXBuildFile; fileRef = 3F6A3C27208A45B90026C4F9 /* Main.storyboard */; };
		3F6A3C2B208A45B90026C4F9 /* Assets.xcassets in Resources */ = {isa = PBXBuildFile; fileRef = 3F6A3C2A208A45B90026C4F9 /* Assets.xcassets */; };
		3F6A3C2E208A45B90026C4F9 /* LaunchScreen.storyboard in Resources */ = {isa = PBXBuildFile; fileRef = 3F6A3C2C208A45B90026C4F9 /* LaunchScreen.storyboard */; };
		3F9DAF4A208A535100C480F7 /* BoxOffice.swift in Sources */ = {isa = PBXBuildFile; fileRef = 3F9DAF49208A535100C480F7 /* BoxOffice.swift */; };
		3FC076892098237300391BC9 /* WeeklyBoxOffice.swift in Sources */ = {isa = PBXBuildFile; fileRef = 3FC076882098237300391BC9 /* WeeklyBoxOffice.swift */; };
		3FC0768B20984D7500391BC9 /* TmdbAPI.swift in Sources */ = {isa = PBXBuildFile; fileRef = 3FC0768A20984D7500391BC9 /* TmdbAPI.swift */; };
		3FC076932098811B00391BC9 /* BoxOffices.swift in Sources */ = {isa = PBXBuildFile; fileRef = 3FC076922098811B00391BC9 /* BoxOffices.swift */; };
		3FECCB192098853900DA7C62 /* WeekdayBoxOffice.swift in Sources */ = {isa = PBXBuildFile; fileRef = 3FECCB182098853900DA7C62 /* WeekdayBoxOffice.swift */; };
		3FECCB1B2098854C00DA7C62 /* WeekendBoxOffice.swift in Sources */ = {isa = PBXBuildFile; fileRef = 3FECCB1A2098854C00DA7C62 /* WeekendBoxOffice.swift */; };
		3FF88F4020A46EA90026DDD6 /* Tv.storyboard in Resources */ = {isa = PBXBuildFile; fileRef = 3FF88F3F20A46EA90026DDD6 /* Tv.storyboard */; };
		3FF88F4220A470200026DDD6 /* TV.swift in Sources */ = {isa = PBXBuildFile; fileRef = 3FF88F4120A470200026DDD6 /* TV.swift */; };
		3FF88F4520A471060026DDD6 /* TvData.swift in Sources */ = {isa = PBXBuildFile; fileRef = 3FF88F4420A471060026DDD6 /* TvData.swift */; };
		5DBFDE87A0121F66FF2872CF /* Pods_MovieInfo.framework in Frameworks */ = {isa = PBXBuildFile; fileRef = 0C32C4DE524F427EC9DBFF2D /* Pods_MovieInfo.framework */; };
		FFC754E0209B5EB8001D4DE2 /* Movie.storyboard in Resources */ = {isa = PBXBuildFile; fileRef = FFC754DF209B5EB7001D4DE2 /* Movie.storyboard */; };
		FFC754E3209B5F4E001D4DE2 /* MovieParent.swift in Sources */ = {isa = PBXBuildFile; fileRef = FFC754E2209B5F4E001D4DE2 /* MovieParent.swift */; };
		FFC754E5209B5FF9001D4DE2 /* Parent.swift in Sources */ = {isa = PBXBuildFile; fileRef = FFC754E4209B5FF9001D4DE2 /* Parent.swift */; };
		FFC754E7209B6146001D4DE2 /* Movies.swift in Sources */ = {isa = PBXBuildFile; fileRef = FFC754E6209B6146001D4DE2 /* Movies.swift */; };
		FFC754E9209B62D0001D4DE2 /* MovieTableViewCell.swift in Sources */ = {isa = PBXBuildFile; fileRef = FFC754E8209B62D0001D4DE2 /* MovieTableViewCell.swift */; };
		FFC754EC209B66C0001D4DE2 /* TopRateMovie.swift in Sources */ = {isa = PBXBuildFile; fileRef = FFC754EB209B66C0001D4DE2 /* TopRateMovie.swift */; };
		FFC754EE209B688D001D4DE2 /* Extension.swift in Sources */ = {isa = PBXBuildFile; fileRef = FFC754ED209B688D001D4DE2 /* Extension.swift */; };
		FFDB09F02099EC1700CB50EE /* BoxOfficeParent.swift in Sources */ = {isa = PBXBuildFile; fileRef = FFDB09EF2099EC1700CB50EE /* BoxOfficeParent.swift */; };
		FFDB09F2209A05B000CB50EE /* BoxOffice.storyboard in Resources */ = {isa = PBXBuildFile; fileRef = FFDB09F1209A05B000CB50EE /* BoxOffice.storyboard */; };
		FFDB0A46209A994000CB50EE /* Array+Extensions.swift in Sources */ = {isa = PBXBuildFile; fileRef = FFDB09F7209A994000CB50EE /* Array+Extensions.swift */; };
		FFDB0A47209A994000CB50EE /* UISegmentedControl+Extensions.swift in Sources */ = {isa = PBXBuildFile; fileRef = FFDB09F8209A994000CB50EE /* UISegmentedControl+Extensions.swift */; };
		FFDB0A48209A994000CB50EE /* UIImageView+Extensions.swift in Sources */ = {isa = PBXBuildFile; fileRef = FFDB09F9209A994000CB50EE /* UIImageView+Extensions.swift */; };
		FFDB0A49209A994000CB50EE /* UIViewController+Extensions.swift in Sources */ = {isa = PBXBuildFile; fileRef = FFDB09FA209A994000CB50EE /* UIViewController+Extensions.swift */; };
		FFDB0A4A209A994000CB50EE /* UIView+Extensions.swift in Sources */ = {isa = PBXBuildFile; fileRef = FFDB09FB209A994000CB50EE /* UIView+Extensions.swift */; };
		FFDB0A4B209A994000CB50EE /* Date+Extension.swift in Sources */ = {isa = PBXBuildFile; fileRef = FFDB09FC209A994000CB50EE /* Date+Extension.swift */; };
		FFDB0A4C209A994000CB50EE /* String+Extensions.swift in Sources */ = {isa = PBXBuildFile; fileRef = FFDB09FD209A994000CB50EE /* String+Extensions.swift */; };
		FFDB0A4D209A994000CB50EE /* UITextView+Extensions.swift in Sources */ = {isa = PBXBuildFile; fileRef = FFDB09FE209A994000CB50EE /* UITextView+Extensions.swift */; };
		FFDB0A4E209A994000CB50EE /* UIColor+Extensions.swift in Sources */ = {isa = PBXBuildFile; fileRef = FFDB09FF209A994000CB50EE /* UIColor+Extensions.swift */; };
		FFDB0A4F209A994000CB50EE /* UIImage+Extensions.swift in Sources */ = {isa = PBXBuildFile; fileRef = FFDB0A00209A994000CB50EE /* UIImage+Extensions.swift */; };
		FFDB0A50209A994000CB50EE /* UISearchBar+Extensions.swift in Sources */ = {isa = PBXBuildFile; fileRef = FFDB0A01209A994000CB50EE /* UISearchBar+Extensions.swift */; };
		FFDB0A51209A994000CB50EE /* UIApplication+Extensions.swift in Sources */ = {isa = PBXBuildFile; fileRef = FFDB0A02209A994000CB50EE /* UIApplication+Extensions.swift */; };
		FFDB0A52209A994000CB50EE /* UIAlertController+Extensions.swift in Sources */ = {isa = PBXBuildFile; fileRef = FFDB0A03209A994000CB50EE /* UIAlertController+Extensions.swift */; };
		FFDB0A53209A994000CB50EE /* Optional+Extensions.swift in Sources */ = {isa = PBXBuildFile; fileRef = FFDB0A04209A994000CB50EE /* Optional+Extensions.swift */; };
		FFDB0A54209A994000CB50EE /* Common+Extensions.swift in Sources */ = {isa = PBXBuildFile; fileRef = FFDB0A05209A994000CB50EE /* Common+Extensions.swift */; };
		FFDB0A55209A994000CB50EE /* Locale+Extensions.swift in Sources */ = {isa = PBXBuildFile; fileRef = FFDB0A06209A994000CB50EE /* Locale+Extensions.swift */; };
		FFDB0A56209A994000CB50EE /* UITextField+Extensions.swift in Sources */ = {isa = PBXBuildFile; fileRef = FFDB0A07209A994000CB50EE /* UITextField+Extensions.swift */; };
		FFDB0A57209A994000CB50EE /* AttributedTextBlock.swift in Sources */ = {isa = PBXBuildFile; fileRef = FFDB0A0A209A994000CB50EE /* AttributedTextBlock.swift */; };
		FFDB0A58209A994000CB50EE /* TextViewController.swift in Sources */ = {isa = PBXBuildFile; fileRef = FFDB0A0B209A994000CB50EE /* TextViewController.swift */; };
		FFDB0A59209A994000CB50EE /* Countries.bundle in Resources */ = {isa = PBXBuildFile; fileRef = FFDB0A0E209A994000CB50EE /* Countries.bundle */; };
		FFDB0A5A209A994000CB50EE /* LocaleStore.swift in Sources */ = {isa = PBXBuildFile; fileRef = FFDB0A10209A994000CB50EE /* LocaleStore.swift */; };
		FFDB0A5B209A994000CB50EE /* LocaleInfo.swift in Sources */ = {isa = PBXBuildFile; fileRef = FFDB0A12209A994000CB50EE /* LocaleInfo.swift */; };
		FFDB0A5C209A994000CB50EE /* LocalePickerViewController.swift in Sources */ = {isa = PBXBuildFile; fileRef = FFDB0A13209A994000CB50EE /* LocalePickerViewController.swift */; };
		FFDB0A5D209A994000CB50EE /* PhoneCodeCell.swift in Sources */ = {isa = PBXBuildFile; fileRef = FFDB0A15209A994000CB50EE /* PhoneCodeCell.swift */; };
		FFDB0A5E209A994000CB50EE /* CurrencyCell.swift in Sources */ = {isa = PBXBuildFile; fileRef = FFDB0A16209A994000CB50EE /* CurrencyCell.swift */; };
		FFDB0A5F209A994000CB50EE /* CountryCell.swift in Sources */ = {isa = PBXBuildFile; fileRef = FFDB0A17209A994000CB50EE /* CountryCell.swift */; };
		FFDB0A60209A994000CB50EE /* TwoTextFieldsViewController.swift in Sources */ = {isa = PBXBuildFile; fileRef = FFDB0A19209A994000CB50EE /* TwoTextFieldsViewController.swift */; };
		FFDB0A61209A994000CB50EE /* OneTextFieldViewController.swift in Sources */ = {isa = PBXBuildFile; fileRef = FFDB0A1A209A994000CB50EE /* OneTextFieldViewController.swift */; };
		FFDB0A62209A994000CB50EE /* Assets.swift in Sources */ = {isa = PBXBuildFile; fileRef = FFDB0A1D209A994000CB50EE /* Assets.swift */; };
		FFDB0A63209A994000CB50EE /* PhotoLibraryPickerViewController.swift in Sources */ = {isa = PBXBuildFile; fileRef = FFDB0A1E209A994000CB50EE /* PhotoLibraryPickerViewController.swift */; };
		FFDB0A64209A994000CB50EE /* LocationSearchResultsViewController.swift in Sources */ = {isa = PBXBuildFile; fileRef = FFDB0A20209A994000CB50EE /* LocationSearchResultsViewController.swift */; };
		FFDB0A65209A994000CB50EE /* LocationPickerViewController.swift in Sources */ = {isa = PBXBuildFile; fileRef = FFDB0A21209A994000CB50EE /* LocationPickerViewController.swift */; };
		FFDB0A66209A994000CB50EE /* SearchHistoryManager.swift in Sources */ = {isa = PBXBuildFile; fileRef = FFDB0A23209A994000CB50EE /* SearchHistoryManager.swift */; };
		FFDB0A67209A994000CB50EE /* Location.swift in Sources */ = {isa = PBXBuildFile; fileRef = FFDB0A25209A994000CB50EE /* Location.swift */; };
		FFDB0A68209A994000CB50EE /* Address.swift in Sources */ = {isa = PBXBuildFile; fileRef = FFDB0A26209A994000CB50EE /* Address.swift */; };
		FFDB0A69209A994000CB50EE /* PickerViewViewController.swift in Sources */ = {isa = PBXBuildFile; fileRef = FFDB0A28209A994000CB50EE /* PickerViewViewController.swift */; };
		FFDB0A6A209A994000CB50EE /* ContactsPickerViewController.swift in Sources */ = {isa = PBXBuildFile; fileRef = FFDB0A2A209A994000CB50EE /* ContactsPickerViewController.swift */; };
		FFDB0A6B209A994000CB50EE /* Contacts.swift in Sources */ = {isa = PBXBuildFile; fileRef = FFDB0A2C209A994000CB50EE /* Contacts.swift */; };
		FFDB0A6C209A994000CB50EE /* Contact.swift in Sources */ = {isa = PBXBuildFile; fileRef = FFDB0A2E209A994000CB50EE /* Contact.swift */; };
		FFDB0A6D209A994000CB50EE /* ContactCell.swift in Sources */ = {isa = PBXBuildFile; fileRef = FFDB0A30209A994000CB50EE /* ContactCell.swift */; };
		FFDB0A6E209A994000CB50EE /* ColorPickerViewController.swift in Sources */ = {isa = PBXBuildFile; fileRef = FFDB0A32209A994000CB50EE /* ColorPickerViewController.swift */; };
		FFDB0A6F209A994000CB50EE /* DatePickerViewController.swift in Sources */ = {isa = PBXBuildFile; fileRef = FFDB0A34209A994000CB50EE /* DatePickerViewController.swift */; };
		FFDB0A70209A994000CB50EE /* ImagePickerViewController.swift in Sources */ = {isa = PBXBuildFile; fileRef = FFDB0A36209A994000CB50EE /* ImagePickerViewController.swift */; };
		FFDB0A71209A994000CB50EE /* ItemWithImage.swift in Sources */ = {isa = PBXBuildFile; fileRef = FFDB0A38209A994000CB50EE /* ItemWithImage.swift */; };
		FFDB0A72209A994000CB50EE /* PhotoLayout.swift in Sources */ = {isa = PBXBuildFile; fileRef = FFDB0A3B209A994000CB50EE /* PhotoLayout.swift */; };
		FFDB0A73209A994000CB50EE /* TelegramPickerViewController.swift in Sources */ = {isa = PBXBuildFile; fileRef = FFDB0A3C209A994000CB50EE /* TelegramPickerViewController.swift */; };
		FFDB0A74209A994000CB50EE /* ItemWithPhoto.swift in Sources */ = {isa = PBXBuildFile; fileRef = FFDB0A3E209A994000CB50EE /* ItemWithPhoto.swift */; };
		FFDB0A75209A994000CB50EE /* LikeButtonCell.swift in Sources */ = {isa = PBXBuildFile; fileRef = FFDB0A3F209A994000CB50EE /* LikeButtonCell.swift */; };
		FFDB0A76209A994000CB50EE /* Label.swift in Sources */ = {isa = PBXBuildFile; fileRef = FFDB0A41209A994000CB50EE /* Label.swift */; };
		FFDB0A77209A994000CB50EE /* SegmentedControl.swift in Sources */ = {isa = PBXBuildFile; fileRef = FFDB0A42209A994000CB50EE /* SegmentedControl.swift */; };
		FFDB0A78209A994000CB50EE /* GradientSlider.swift in Sources */ = {isa = PBXBuildFile; fileRef = FFDB0A43209A994000CB50EE /* GradientSlider.swift */; };
		FFDB0A79209A994000CB50EE /* TextField.swift in Sources */ = {isa = PBXBuildFile; fileRef = FFDB0A44209A994000CB50EE /* TextField.swift */; };
		FFDB0A7A209A994000CB50EE /* Button.swift in Sources */ = {isa = PBXBuildFile; fileRef = FFDB0A45209A994000CB50EE /* Button.swift */; };
		FFDDBBB9209B312300954176 /* Movie.swift in Sources */ = {isa = PBXBuildFile; fileRef = FFDDBBB8209B312300954176 /* Movie.swift */; };
		FFDDBBBB209B31CB00954176 /* TmdbData.swift in Sources */ = {isa = PBXBuildFile; fileRef = FFDDBBBA209B31CB00954176 /* TmdbData.swift */; };
/* End PBXBuildFile section */

/* Begin PBXFileReference section */
		0C32C4DE524F427EC9DBFF2D /* Pods_MovieInfo.framework */ = {isa = PBXFileReference; explicitFileType = wrapper.framework; includeInIndex = 0; path = Pods_MovieInfo.framework; sourceTree = BUILT_PRODUCTS_DIR; };
		3F0C23BA20A5C99A004C05D7 /* APIRequest.swift */ = {isa = PBXFileReference; lastKnownFileType = sourcecode.swift; path = APIRequest.swift; sourceTree = "<group>"; };
		3F0C23BC20A5CCE4004C05D7 /* AiringToday.swift */ = {isa = PBXFileReference; lastKnownFileType = sourcecode.swift; path = AiringToday.swift; sourceTree = "<group>"; };
		3F0C23C220A6A50F004C05D7 /* TvParent.swift */ = {isa = PBXFileReference; lastKnownFileType = sourcecode.swift; path = TvParent.swift; sourceTree = "<group>"; };
		3F0C23C420A6A65A004C05D7 /* TvTableViewCell.swift */ = {isa = PBXFileReference; lastKnownFileType = sourcecode.swift; path = TvTableViewCell.swift; sourceTree = "<group>"; };
		3F0C23C620A6AA6E004C05D7 /* Tvs.swift */ = {isa = PBXFileReference; lastKnownFileType = sourcecode.swift; path = Tvs.swift; sourceTree = "<group>"; };
		3F2588CD20978554009AC275 /* KobisAPI.swift */ = {isa = PBXFileReference; lastKnownFileType = sourcecode.swift; path = KobisAPI.swift; sourceTree = "<group>"; };
		3F2588CF20978892009AC275 /* KobisData.swift */ = {isa = PBXFileReference; lastKnownFileType = sourcecode.swift; path = KobisData.swift; sourceTree = "<group>"; };
		3F2588D120979562009AC275 /* BoxOfficeTableViewCell.swift */ = {isa = PBXFileReference; lastKnownFileType = sourcecode.swift; path = BoxOfficeTableViewCell.swift; sourceTree = "<group>"; };
		3F5E9CAF20A03D6100341952 /* Popular.swift */ = {isa = PBXFileReference; lastKnownFileType = sourcecode.swift; path = Popular.swift; sourceTree = "<group>"; };
		3F5E9CB120A03FB300341952 /* NowPlaying.swift */ = {isa = PBXFileReference; lastKnownFileType = sourcecode.swift; path = NowPlaying.swift; sourceTree = "<group>"; };
		3F5E9CB320A03FCF00341952 /* UpComing.swift */ = {isa = PBXFileReference; lastKnownFileType = sourcecode.swift; path = UpComing.swift; sourceTree = "<group>"; };
		3F5E9CB520A03FF600341952 /* Latest.swift */ = {isa = PBXFileReference; lastKnownFileType = sourcecode.swift; path = Latest.swift; sourceTree = "<group>"; };
		3F6A3C20208A45B90026C4F9 /* MovieInfo.app */ = {isa = PBXFileReference; explicitFileType = wrapper.application; includeInIndex = 0; path = MovieInfo.app; sourceTree = BUILT_PRODUCTS_DIR; };
		3F6A3C23208A45B90026C4F9 /* AppDelegate.swift */ = {isa = PBXFileReference; lastKnownFileType = sourcecode.swift; path = AppDelegate.swift; sourceTree = "<group>"; };
		3F6A3C25208A45B90026C4F9 /* DailyBoxOffice.swift */ = {isa = PBXFileReference; lastKnownFileType = sourcecode.swift; path = DailyBoxOffice.swift; sourceTree = "<group>"; };
		3F6A3C28208A45B90026C4F9 /* Base */ = {isa = PBXFileReference; lastKnownFileType = file.storyboard; name = Base; path = Base.lproj/Main.storyboard; sourceTree = "<group>"; };
		3F6A3C2A208A45B90026C4F9 /* Assets.xcassets */ = {isa = PBXFileReference; lastKnownFileType = folder.assetcatalog; path = Assets.xcassets; sourceTree = "<group>"; };
		3F6A3C2D208A45B90026C4F9 /* Base */ = {isa = PBXFileReference; lastKnownFileType = file.storyboard; name = Base; path = Base.lproj/LaunchScreen.storyboard; sourceTree = "<group>"; };
		3F6A3C2F208A45B90026C4F9 /* Info.plist */ = {isa = PBXFileReference; lastKnownFileType = text.plist.xml; path = Info.plist; sourceTree = "<group>"; };
		3F9DAF49208A535100C480F7 /* BoxOffice.swift */ = {isa = PBXFileReference; lastKnownFileType = sourcecode.swift; path = BoxOffice.swift; sourceTree = "<group>"; };
		3FC076882098237300391BC9 /* WeeklyBoxOffice.swift */ = {isa = PBXFileReference; lastKnownFileType = sourcecode.swift; path = WeeklyBoxOffice.swift; sourceTree = "<group>"; };
		3FC0768A20984D7500391BC9 /* TmdbAPI.swift */ = {isa = PBXFileReference; lastKnownFileType = sourcecode.swift; path = TmdbAPI.swift; sourceTree = "<group>"; };
		3FC076922098811B00391BC9 /* BoxOffices.swift */ = {isa = PBXFileReference; lastKnownFileType = sourcecode.swift; path = BoxOffices.swift; sourceTree = "<group>"; };
		3FECCB182098853900DA7C62 /* WeekdayBoxOffice.swift */ = {isa = PBXFileReference; lastKnownFileType = sourcecode.swift; path = WeekdayBoxOffice.swift; sourceTree = "<group>"; };
		3FECCB1A2098854C00DA7C62 /* WeekendBoxOffice.swift */ = {isa = PBXFileReference; lastKnownFileType = sourcecode.swift; path = WeekendBoxOffice.swift; sourceTree = "<group>"; };
		3FF88F3F20A46EA90026DDD6 /* Tv.storyboard */ = {isa = PBXFileReference; lastKnownFileType = file.storyboard; path = Tv.storyboard; sourceTree = "<group>"; };
		3FF88F4120A470200026DDD6 /* TV.swift */ = {isa = PBXFileReference; lastKnownFileType = sourcecode.swift; path = TV.swift; sourceTree = "<group>"; };
		3FF88F4420A471060026DDD6 /* TvData.swift */ = {isa = PBXFileReference; lastKnownFileType = sourcecode.swift; path = TvData.swift; sourceTree = "<group>"; };
		B479C1365FA5AB7001668511 /* Pods-MovieInfo.release.xcconfig */ = {isa = PBXFileReference; includeInIndex = 1; lastKnownFileType = text.xcconfig; name = "Pods-MovieInfo.release.xcconfig"; path = "Pods/Target Support Files/Pods-MovieInfo/Pods-MovieInfo.release.xcconfig"; sourceTree = "<group>"; };
		D8CE9C27198BF3309FE9A16A /* Pods-MovieInfo.debug.xcconfig */ = {isa = PBXFileReference; includeInIndex = 1; lastKnownFileType = text.xcconfig; name = "Pods-MovieInfo.debug.xcconfig"; path = "Pods/Target Support Files/Pods-MovieInfo/Pods-MovieInfo.debug.xcconfig"; sourceTree = "<group>"; };
		FFC754DF209B5EB7001D4DE2 /* Movie.storyboard */ = {isa = PBXFileReference; lastKnownFileType = file.storyboard; path = Movie.storyboard; sourceTree = "<group>"; };
		FFC754E2209B5F4E001D4DE2 /* MovieParent.swift */ = {isa = PBXFileReference; lastKnownFileType = sourcecode.swift; path = MovieParent.swift; sourceTree = "<group>"; };
		FFC754E4209B5FF9001D4DE2 /* Parent.swift */ = {isa = PBXFileReference; lastKnownFileType = sourcecode.swift; path = Parent.swift; sourceTree = "<group>"; };
		FFC754E6209B6146001D4DE2 /* Movies.swift */ = {isa = PBXFileReference; lastKnownFileType = sourcecode.swift; path = Movies.swift; sourceTree = "<group>"; };
		FFC754E8209B62D0001D4DE2 /* MovieTableViewCell.swift */ = {isa = PBXFileReference; lastKnownFileType = sourcecode.swift; path = MovieTableViewCell.swift; sourceTree = "<group>"; };
		FFC754EB209B66C0001D4DE2 /* TopRateMovie.swift */ = {isa = PBXFileReference; lastKnownFileType = sourcecode.swift; path = TopRateMovie.swift; sourceTree = "<group>"; };
		FFC754ED209B688D001D4DE2 /* Extension.swift */ = {isa = PBXFileReference; lastKnownFileType = sourcecode.swift; path = Extension.swift; sourceTree = "<group>"; };
		FFDB09EF2099EC1700CB50EE /* BoxOfficeParent.swift */ = {isa = PBXFileReference; lastKnownFileType = sourcecode.swift; path = BoxOfficeParent.swift; sourceTree = "<group>"; };
		FFDB09F1209A05B000CB50EE /* BoxOffice.storyboard */ = {isa = PBXFileReference; lastKnownFileType = file.storyboard; path = BoxOffice.storyboard; sourceTree = "<group>"; };
		FFDB09F7209A994000CB50EE /* Array+Extensions.swift */ = {isa = PBXFileReference; fileEncoding = 4; lastKnownFileType = sourcecode.swift; path = "Array+Extensions.swift"; sourceTree = "<group>"; };
		FFDB09F8209A994000CB50EE /* UISegmentedControl+Extensions.swift */ = {isa = PBXFileReference; fileEncoding = 4; lastKnownFileType = sourcecode.swift; path = "UISegmentedControl+Extensions.swift"; sourceTree = "<group>"; };
		FFDB09F9209A994000CB50EE /* UIImageView+Extensions.swift */ = {isa = PBXFileReference; fileEncoding = 4; lastKnownFileType = sourcecode.swift; path = "UIImageView+Extensions.swift"; sourceTree = "<group>"; };
		FFDB09FA209A994000CB50EE /* UIViewController+Extensions.swift */ = {isa = PBXFileReference; fileEncoding = 4; lastKnownFileType = sourcecode.swift; path = "UIViewController+Extensions.swift"; sourceTree = "<group>"; };
		FFDB09FB209A994000CB50EE /* UIView+Extensions.swift */ = {isa = PBXFileReference; fileEncoding = 4; lastKnownFileType = sourcecode.swift; path = "UIView+Extensions.swift"; sourceTree = "<group>"; };
		FFDB09FC209A994000CB50EE /* Date+Extension.swift */ = {isa = PBXFileReference; fileEncoding = 4; lastKnownFileType = sourcecode.swift; path = "Date+Extension.swift"; sourceTree = "<group>"; };
		FFDB09FD209A994000CB50EE /* String+Extensions.swift */ = {isa = PBXFileReference; fileEncoding = 4; lastKnownFileType = sourcecode.swift; path = "String+Extensions.swift"; sourceTree = "<group>"; };
		FFDB09FE209A994000CB50EE /* UITextView+Extensions.swift */ = {isa = PBXFileReference; fileEncoding = 4; lastKnownFileType = sourcecode.swift; path = "UITextView+Extensions.swift"; sourceTree = "<group>"; };
		FFDB09FF209A994000CB50EE /* UIColor+Extensions.swift */ = {isa = PBXFileReference; fileEncoding = 4; lastKnownFileType = sourcecode.swift; path = "UIColor+Extensions.swift"; sourceTree = "<group>"; };
		FFDB0A00209A994000CB50EE /* UIImage+Extensions.swift */ = {isa = PBXFileReference; fileEncoding = 4; lastKnownFileType = sourcecode.swift; path = "UIImage+Extensions.swift"; sourceTree = "<group>"; };
		FFDB0A01209A994000CB50EE /* UISearchBar+Extensions.swift */ = {isa = PBXFileReference; fileEncoding = 4; lastKnownFileType = sourcecode.swift; path = "UISearchBar+Extensions.swift"; sourceTree = "<group>"; };
		FFDB0A02209A994000CB50EE /* UIApplication+Extensions.swift */ = {isa = PBXFileReference; fileEncoding = 4; lastKnownFileType = sourcecode.swift; path = "UIApplication+Extensions.swift"; sourceTree = "<group>"; };
		FFDB0A03209A994000CB50EE /* UIAlertController+Extensions.swift */ = {isa = PBXFileReference; fileEncoding = 4; lastKnownFileType = sourcecode.swift; path = "UIAlertController+Extensions.swift"; sourceTree = "<group>"; };
		FFDB0A04209A994000CB50EE /* Optional+Extensions.swift */ = {isa = PBXFileReference; fileEncoding = 4; lastKnownFileType = sourcecode.swift; path = "Optional+Extensions.swift"; sourceTree = "<group>"; };
		FFDB0A05209A994000CB50EE /* Common+Extensions.swift */ = {isa = PBXFileReference; fileEncoding = 4; lastKnownFileType = sourcecode.swift; path = "Common+Extensions.swift"; sourceTree = "<group>"; };
		FFDB0A06209A994000CB50EE /* Locale+Extensions.swift */ = {isa = PBXFileReference; fileEncoding = 4; lastKnownFileType = sourcecode.swift; path = "Locale+Extensions.swift"; sourceTree = "<group>"; };
		FFDB0A07209A994000CB50EE /* UITextField+Extensions.swift */ = {isa = PBXFileReference; fileEncoding = 4; lastKnownFileType = sourcecode.swift; path = "UITextField+Extensions.swift"; sourceTree = "<group>"; };
		FFDB0A0A209A994000CB50EE /* AttributedTextBlock.swift */ = {isa = PBXFileReference; fileEncoding = 4; lastKnownFileType = sourcecode.swift; path = AttributedTextBlock.swift; sourceTree = "<group>"; };
		FFDB0A0B209A994000CB50EE /* TextViewController.swift */ = {isa = PBXFileReference; fileEncoding = 4; lastKnownFileType = sourcecode.swift; path = TextViewController.swift; sourceTree = "<group>"; };
		FFDB0A0E209A994000CB50EE /* Countries.bundle */ = {isa = PBXFileReference; lastKnownFileType = "wrapper.plug-in"; path = Countries.bundle; sourceTree = "<group>"; };
		FFDB0A10209A994000CB50EE /* LocaleStore.swift */ = {isa = PBXFileReference; fileEncoding = 4; lastKnownFileType = sourcecode.swift; path = LocaleStore.swift; sourceTree = "<group>"; };
		FFDB0A12209A994000CB50EE /* LocaleInfo.swift */ = {isa = PBXFileReference; fileEncoding = 4; lastKnownFileType = sourcecode.swift; path = LocaleInfo.swift; sourceTree = "<group>"; };
		FFDB0A13209A994000CB50EE /* LocalePickerViewController.swift */ = {isa = PBXFileReference; fileEncoding = 4; lastKnownFileType = sourcecode.swift; path = LocalePickerViewController.swift; sourceTree = "<group>"; };
		FFDB0A15209A994000CB50EE /* PhoneCodeCell.swift */ = {isa = PBXFileReference; fileEncoding = 4; lastKnownFileType = sourcecode.swift; path = PhoneCodeCell.swift; sourceTree = "<group>"; };
		FFDB0A16209A994000CB50EE /* CurrencyCell.swift */ = {isa = PBXFileReference; fileEncoding = 4; lastKnownFileType = sourcecode.swift; path = CurrencyCell.swift; sourceTree = "<group>"; };
		FFDB0A17209A994000CB50EE /* CountryCell.swift */ = {isa = PBXFileReference; fileEncoding = 4; lastKnownFileType = sourcecode.swift; path = CountryCell.swift; sourceTree = "<group>"; };
		FFDB0A19209A994000CB50EE /* TwoTextFieldsViewController.swift */ = {isa = PBXFileReference; fileEncoding = 4; lastKnownFileType = sourcecode.swift; path = TwoTextFieldsViewController.swift; sourceTree = "<group>"; };
		FFDB0A1A209A994000CB50EE /* OneTextFieldViewController.swift */ = {isa = PBXFileReference; fileEncoding = 4; lastKnownFileType = sourcecode.swift; path = OneTextFieldViewController.swift; sourceTree = "<group>"; };
		FFDB0A1D209A994000CB50EE /* Assets.swift */ = {isa = PBXFileReference; fileEncoding = 4; lastKnownFileType = sourcecode.swift; path = Assets.swift; sourceTree = "<group>"; };
		FFDB0A1E209A994000CB50EE /* PhotoLibraryPickerViewController.swift */ = {isa = PBXFileReference; fileEncoding = 4; lastKnownFileType = sourcecode.swift; path = PhotoLibraryPickerViewController.swift; sourceTree = "<group>"; };
		FFDB0A20209A994000CB50EE /* LocationSearchResultsViewController.swift */ = {isa = PBXFileReference; fileEncoding = 4; lastKnownFileType = sourcecode.swift; path = LocationSearchResultsViewController.swift; sourceTree = "<group>"; };
		FFDB0A21209A994000CB50EE /* LocationPickerViewController.swift */ = {isa = PBXFileReference; fileEncoding = 4; lastKnownFileType = sourcecode.swift; path = LocationPickerViewController.swift; sourceTree = "<group>"; };
		FFDB0A23209A994000CB50EE /* SearchHistoryManager.swift */ = {isa = PBXFileReference; fileEncoding = 4; lastKnownFileType = sourcecode.swift; path = SearchHistoryManager.swift; sourceTree = "<group>"; };
		FFDB0A25209A994000CB50EE /* Location.swift */ = {isa = PBXFileReference; fileEncoding = 4; lastKnownFileType = sourcecode.swift; path = Location.swift; sourceTree = "<group>"; };
		FFDB0A26209A994000CB50EE /* Address.swift */ = {isa = PBXFileReference; fileEncoding = 4; lastKnownFileType = sourcecode.swift; path = Address.swift; sourceTree = "<group>"; };
		FFDB0A28209A994000CB50EE /* PickerViewViewController.swift */ = {isa = PBXFileReference; fileEncoding = 4; lastKnownFileType = sourcecode.swift; path = PickerViewViewController.swift; sourceTree = "<group>"; };
		FFDB0A2A209A994000CB50EE /* ContactsPickerViewController.swift */ = {isa = PBXFileReference; fileEncoding = 4; lastKnownFileType = sourcecode.swift; path = ContactsPickerViewController.swift; sourceTree = "<group>"; };
		FFDB0A2C209A994000CB50EE /* Contacts.swift */ = {isa = PBXFileReference; fileEncoding = 4; lastKnownFileType = sourcecode.swift; path = Contacts.swift; sourceTree = "<group>"; };
		FFDB0A2E209A994000CB50EE /* Contact.swift */ = {isa = PBXFileReference; fileEncoding = 4; lastKnownFileType = sourcecode.swift; path = Contact.swift; sourceTree = "<group>"; };
		FFDB0A30209A994000CB50EE /* ContactCell.swift */ = {isa = PBXFileReference; fileEncoding = 4; lastKnownFileType = sourcecode.swift; path = ContactCell.swift; sourceTree = "<group>"; };
		FFDB0A32209A994000CB50EE /* ColorPickerViewController.swift */ = {isa = PBXFileReference; fileEncoding = 4; lastKnownFileType = sourcecode.swift; path = ColorPickerViewController.swift; sourceTree = "<group>"; };
		FFDB0A34209A994000CB50EE /* DatePickerViewController.swift */ = {isa = PBXFileReference; fileEncoding = 4; lastKnownFileType = sourcecode.swift; path = DatePickerViewController.swift; sourceTree = "<group>"; };
		FFDB0A36209A994000CB50EE /* ImagePickerViewController.swift */ = {isa = PBXFileReference; fileEncoding = 4; lastKnownFileType = sourcecode.swift; path = ImagePickerViewController.swift; sourceTree = "<group>"; };
		FFDB0A38209A994000CB50EE /* ItemWithImage.swift */ = {isa = PBXFileReference; fileEncoding = 4; lastKnownFileType = sourcecode.swift; path = ItemWithImage.swift; sourceTree = "<group>"; };
		FFDB0A3B209A994000CB50EE /* PhotoLayout.swift */ = {isa = PBXFileReference; fileEncoding = 4; lastKnownFileType = sourcecode.swift; path = PhotoLayout.swift; sourceTree = "<group>"; };
		FFDB0A3C209A994000CB50EE /* TelegramPickerViewController.swift */ = {isa = PBXFileReference; fileEncoding = 4; lastKnownFileType = sourcecode.swift; path = TelegramPickerViewController.swift; sourceTree = "<group>"; };
		FFDB0A3E209A994000CB50EE /* ItemWithPhoto.swift */ = {isa = PBXFileReference; fileEncoding = 4; lastKnownFileType = sourcecode.swift; path = ItemWithPhoto.swift; sourceTree = "<group>"; };
		FFDB0A3F209A994000CB50EE /* LikeButtonCell.swift */ = {isa = PBXFileReference; fileEncoding = 4; lastKnownFileType = sourcecode.swift; path = LikeButtonCell.swift; sourceTree = "<group>"; };
		FFDB0A41209A994000CB50EE /* Label.swift */ = {isa = PBXFileReference; fileEncoding = 4; lastKnownFileType = sourcecode.swift; path = Label.swift; sourceTree = "<group>"; };
		FFDB0A42209A994000CB50EE /* SegmentedControl.swift */ = {isa = PBXFileReference; fileEncoding = 4; lastKnownFileType = sourcecode.swift; path = SegmentedControl.swift; sourceTree = "<group>"; };
		FFDB0A43209A994000CB50EE /* GradientSlider.swift */ = {isa = PBXFileReference; fileEncoding = 4; lastKnownFileType = sourcecode.swift; path = GradientSlider.swift; sourceTree = "<group>"; };
		FFDB0A44209A994000CB50EE /* TextField.swift */ = {isa = PBXFileReference; fileEncoding = 4; lastKnownFileType = sourcecode.swift; path = TextField.swift; sourceTree = "<group>"; };
		FFDB0A45209A994000CB50EE /* Button.swift */ = {isa = PBXFileReference; fileEncoding = 4; lastKnownFileType = sourcecode.swift; path = Button.swift; sourceTree = "<group>"; };
		FFDDBBB8209B312300954176 /* Movie.swift */ = {isa = PBXFileReference; lastKnownFileType = sourcecode.swift; path = Movie.swift; sourceTree = "<group>"; };
		FFDDBBBA209B31CB00954176 /* TmdbData.swift */ = {isa = PBXFileReference; lastKnownFileType = sourcecode.swift; path = TmdbData.swift; sourceTree = "<group>"; };
/* End PBXFileReference section */

/* Begin PBXFrameworksBuildPhase section */
		3F6A3C1D208A45B90026C4F9 /* Frameworks */ = {
			isa = PBXFrameworksBuildPhase;
			buildActionMask = 2147483647;
			files = (
				5DBFDE87A0121F66FF2872CF /* Pods_MovieInfo.framework in Frameworks */,
			);
			runOnlyForDeploymentPostprocessing = 0;
		};
/* End PBXFrameworksBuildPhase section */

/* Begin PBXGroup section */
		3F0C23BE20A5CCF2004C05D7 /* Tv */ = {
			isa = PBXGroup;
			children = (
				3F0C23C220A6A50F004C05D7 /* TvParent.swift */,
				3F0C23C620A6AA6E004C05D7 /* Tvs.swift */,
				3F0C23BC20A5CCE4004C05D7 /* AiringToday.swift */,
			);
			path = Tv;
			sourceTree = "<group>";
		};
		3F0C23C020A6A1D9004C05D7 /* Movie */ = {
			isa = PBXGroup;
			children = (
				FFC754E2209B5F4E001D4DE2 /* MovieParent.swift */,
				FFC754E6209B6146001D4DE2 /* Movies.swift */,
				FFC754EB209B66C0001D4DE2 /* TopRateMovie.swift */,
				3F5E9CAF20A03D6100341952 /* Popular.swift */,
				3F5E9CB120A03FB300341952 /* NowPlaying.swift */,
				3F5E9CB320A03FCF00341952 /* UpComing.swift */,
				3F5E9CB520A03FF600341952 /* Latest.swift */,
			);
			path = Movie;
			sourceTree = "<group>";
		};
		3F0C23C120A6A201004C05D7 /* BoxOffice */ = {
			isa = PBXGroup;
			children = (
				FFDB09EF2099EC1700CB50EE /* BoxOfficeParent.swift */,
				3FC076922098811B00391BC9 /* BoxOffices.swift */,
				3F6A3C25208A45B90026C4F9 /* DailyBoxOffice.swift */,
				3FC076882098237300391BC9 /* WeeklyBoxOffice.swift */,
				3FECCB1A2098854C00DA7C62 /* WeekendBoxOffice.swift */,
				3FECCB182098853900DA7C62 /* WeekdayBoxOffice.swift */,
			);
			path = BoxOffice;
			sourceTree = "<group>";
		};
		3F6A3C17208A45B90026C4F9 = {
			isa = PBXGroup;
			children = (
				3F6A3C22208A45B90026C4F9 /* MovieInfo */,
				3F6A3C21208A45B90026C4F9 /* Products */,
				E007C9481F455772F332798D /* Pods */,
				7F39A22095F3D84553C0D9F8 /* Frameworks */,
			);
			sourceTree = "<group>";
		};
		3F6A3C21208A45B90026C4F9 /* Products */ = {
			isa = PBXGroup;
			children = (
				3F6A3C20208A45B90026C4F9 /* MovieInfo.app */,
			);
			name = Products;
			sourceTree = "<group>";
		};
		3F6A3C22208A45B90026C4F9 /* MovieInfo */ = {
			isa = PBXGroup;
			children = (
				3F6A3C23208A45B90026C4F9 /* AppDelegate.swift */,
				FFC754ED209B688D001D4DE2 /* Extension.swift */,
				3F0C23BA20A5C99A004C05D7 /* APIRequest.swift */,
				3FECCB1D20988B0600DA7C62 /* Controller */,
				3FECCB1C20988AF800DA7C62 /* Data */,
				FFDDBBB7209B2EAC00954176 /* View */,
				FFC754EA209B6364001D4DE2 /* Storyboard */,
				3F6A3C2A208A45B90026C4F9 /* Assets.xcassets */,
				3F6A3C2C208A45B90026C4F9 /* LaunchScreen.storyboard */,
				3F6A3C2F208A45B90026C4F9 /* Info.plist */,
				FFDB09F5209A994000CB50EE /* Source */,
			);
			path = MovieInfo;
			sourceTree = "<group>";
		};
		3FECCB1C20988AF800DA7C62 /* Data */ = {
			isa = PBXGroup;
			children = (
				FFC754E4209B5FF9001D4DE2 /* Parent.swift */,
				FFDDBBBC209B323E00954176 /* BoxOffice */,
				FFDDBBBD209B324600954176 /* Tmdb */,
				3FF88F4320A470270026DDD6 /* TV */,
			);
			path = Data;
			sourceTree = "<group>";
		};
		3FECCB1D20988B0600DA7C62 /* Controller */ = {
			isa = PBXGroup;
			children = (
				3F0C23BE20A5CCF2004C05D7 /* Tv */,
				3F0C23C120A6A201004C05D7 /* BoxOffice */,
				3F0C23C020A6A1D9004C05D7 /* Movie */,
			);
			name = Controller;
			sourceTree = "<group>";
		};
		3FF88F4320A470270026DDD6 /* TV */ = {
			isa = PBXGroup;
			children = (
				3FF88F4120A470200026DDD6 /* TV.swift */,
				3FF88F4420A471060026DDD6 /* TvData.swift */,
			);
			path = TV;
			sourceTree = "<group>";
		};
		7F39A22095F3D84553C0D9F8 /* Frameworks */ = {
			isa = PBXGroup;
			children = (
				0C32C4DE524F427EC9DBFF2D /* Pods_MovieInfo.framework */,
			);
			name = Frameworks;
			sourceTree = "<group>";
		};
		E007C9481F455772F332798D /* Pods */ = {
			isa = PBXGroup;
			children = (
				D8CE9C27198BF3309FE9A16A /* Pods-MovieInfo.debug.xcconfig */,
				B479C1365FA5AB7001668511 /* Pods-MovieInfo.release.xcconfig */,
			);
			name = Pods;
			sourceTree = "<group>";
		};
		FFC754EA209B6364001D4DE2 /* Storyboard */ = {
			isa = PBXGroup;
			children = (
				3F6A3C27208A45B90026C4F9 /* Main.storyboard */,
				FFDB09F1209A05B000CB50EE /* BoxOffice.storyboard */,
				FFC754DF209B5EB7001D4DE2 /* Movie.storyboard */,
				3FF88F3F20A46EA90026DDD6 /* Tv.storyboard */,
			);
			path = Storyboard;
			sourceTree = "<group>";
		};
		FFDB09F5209A994000CB50EE /* Source */ = {
			isa = PBXGroup;
			children = (
				FFDB09F6209A994000CB50EE /* Extensions */,
				FFDB0A08209A994000CB50EE /* Viewers */,
				FFDB0A0C209A994000CB50EE /* Pickers */,
				FFDB0A40209A994000CB50EE /* Views */,
			);
			path = Source;
			sourceTree = "<group>";
		};
		FFDB09F6209A994000CB50EE /* Extensions */ = {
			isa = PBXGroup;
			children = (
				FFDB09F7209A994000CB50EE /* Array+Extensions.swift */,
				FFDB09F8209A994000CB50EE /* UISegmentedControl+Extensions.swift */,
				FFDB09F9209A994000CB50EE /* UIImageView+Extensions.swift */,
				FFDB09FA209A994000CB50EE /* UIViewController+Extensions.swift */,
				FFDB09FB209A994000CB50EE /* UIView+Extensions.swift */,
				FFDB09FC209A994000CB50EE /* Date+Extension.swift */,
				FFDB09FD209A994000CB50EE /* String+Extensions.swift */,
				FFDB09FE209A994000CB50EE /* UITextView+Extensions.swift */,
				FFDB09FF209A994000CB50EE /* UIColor+Extensions.swift */,
				FFDB0A00209A994000CB50EE /* UIImage+Extensions.swift */,
				FFDB0A01209A994000CB50EE /* UISearchBar+Extensions.swift */,
				FFDB0A02209A994000CB50EE /* UIApplication+Extensions.swift */,
				FFDB0A03209A994000CB50EE /* UIAlertController+Extensions.swift */,
				FFDB0A04209A994000CB50EE /* Optional+Extensions.swift */,
				FFDB0A05209A994000CB50EE /* Common+Extensions.swift */,
				FFDB0A06209A994000CB50EE /* Locale+Extensions.swift */,
				FFDB0A07209A994000CB50EE /* UITextField+Extensions.swift */,
			);
			path = Extensions;
			sourceTree = "<group>";
		};
		FFDB0A08209A994000CB50EE /* Viewers */ = {
			isa = PBXGroup;
			children = (
				FFDB0A09209A994000CB50EE /* Models */,
				FFDB0A0B209A994000CB50EE /* TextViewController.swift */,
			);
			path = Viewers;
			sourceTree = "<group>";
		};
		FFDB0A09209A994000CB50EE /* Models */ = {
			isa = PBXGroup;
			children = (
				FFDB0A0A209A994000CB50EE /* AttributedTextBlock.swift */,
			);
			path = Models;
			sourceTree = "<group>";
		};
		FFDB0A0C209A994000CB50EE /* Pickers */ = {
			isa = PBXGroup;
			children = (
				FFDB0A0D209A994000CB50EE /* Locale */,
				FFDB0A18209A994000CB50EE /* TextFields */,
				FFDB0A1B209A994000CB50EE /* PhotoLibrary */,
				FFDB0A1F209A994000CB50EE /* Location */,
				FFDB0A27209A994000CB50EE /* PickerView */,
				FFDB0A29209A994000CB50EE /* Contacts */,
				FFDB0A31209A994000CB50EE /* Color */,
				FFDB0A33209A994000CB50EE /* Date */,
				FFDB0A35209A994000CB50EE /* Image */,
				FFDB0A39209A994000CB50EE /* Telegram */,
			);
			path = Pickers;
			sourceTree = "<group>";
		};
		FFDB0A0D209A994000CB50EE /* Locale */ = {
			isa = PBXGroup;
			children = (
				FFDB0A0E209A994000CB50EE /* Countries.bundle */,
				FFDB0A0F209A994000CB50EE /* Managers */,
				FFDB0A11209A994000CB50EE /* Models */,
				FFDB0A13209A994000CB50EE /* LocalePickerViewController.swift */,
				FFDB0A14209A994000CB50EE /* Views */,
			);
			path = Locale;
			sourceTree = "<group>";
		};
		FFDB0A0F209A994000CB50EE /* Managers */ = {
			isa = PBXGroup;
			children = (
				FFDB0A10209A994000CB50EE /* LocaleStore.swift */,
			);
			path = Managers;
			sourceTree = "<group>";
		};
		FFDB0A11209A994000CB50EE /* Models */ = {
			isa = PBXGroup;
			children = (
				FFDB0A12209A994000CB50EE /* LocaleInfo.swift */,
			);
			path = Models;
			sourceTree = "<group>";
		};
		FFDB0A14209A994000CB50EE /* Views */ = {
			isa = PBXGroup;
			children = (
				FFDB0A15209A994000CB50EE /* PhoneCodeCell.swift */,
				FFDB0A16209A994000CB50EE /* CurrencyCell.swift */,
				FFDB0A17209A994000CB50EE /* CountryCell.swift */,
			);
			path = Views;
			sourceTree = "<group>";
		};
		FFDB0A18209A994000CB50EE /* TextFields */ = {
			isa = PBXGroup;
			children = (
				FFDB0A19209A994000CB50EE /* TwoTextFieldsViewController.swift */,
				FFDB0A1A209A994000CB50EE /* OneTextFieldViewController.swift */,
			);
			path = TextFields;
			sourceTree = "<group>";
		};
		FFDB0A1B209A994000CB50EE /* PhotoLibrary */ = {
			isa = PBXGroup;
			children = (
				FFDB0A1C209A994000CB50EE /* Managers */,
				FFDB0A1E209A994000CB50EE /* PhotoLibraryPickerViewController.swift */,
			);
			path = PhotoLibrary;
			sourceTree = "<group>";
		};
		FFDB0A1C209A994000CB50EE /* Managers */ = {
			isa = PBXGroup;
			children = (
				FFDB0A1D209A994000CB50EE /* Assets.swift */,
			);
			path = Managers;
			sourceTree = "<group>";
		};
		FFDB0A1F209A994000CB50EE /* Location */ = {
			isa = PBXGroup;
			children = (
				FFDB0A20209A994000CB50EE /* LocationSearchResultsViewController.swift */,
				FFDB0A21209A994000CB50EE /* LocationPickerViewController.swift */,
				FFDB0A22209A994000CB50EE /* Managers */,
				FFDB0A24209A994000CB50EE /* Models */,
			);
			path = Location;
			sourceTree = "<group>";
		};
		FFDB0A22209A994000CB50EE /* Managers */ = {
			isa = PBXGroup;
			children = (
				FFDB0A23209A994000CB50EE /* SearchHistoryManager.swift */,
			);
			path = Managers;
			sourceTree = "<group>";
		};
		FFDB0A24209A994000CB50EE /* Models */ = {
			isa = PBXGroup;
			children = (
				FFDB0A25209A994000CB50EE /* Location.swift */,
				FFDB0A26209A994000CB50EE /* Address.swift */,
			);
			path = Models;
			sourceTree = "<group>";
		};
		FFDB0A27209A994000CB50EE /* PickerView */ = {
			isa = PBXGroup;
			children = (
				FFDB0A28209A994000CB50EE /* PickerViewViewController.swift */,
			);
			path = PickerView;
			sourceTree = "<group>";
		};
		FFDB0A29209A994000CB50EE /* Contacts */ = {
			isa = PBXGroup;
			children = (
				FFDB0A2A209A994000CB50EE /* ContactsPickerViewController.swift */,
				FFDB0A2B209A994000CB50EE /* Managers */,
				FFDB0A2D209A994000CB50EE /* Models */,
				FFDB0A2F209A994000CB50EE /* Views */,
			);
			path = Contacts;
			sourceTree = "<group>";
		};
		FFDB0A2B209A994000CB50EE /* Managers */ = {
			isa = PBXGroup;
			children = (
				FFDB0A2C209A994000CB50EE /* Contacts.swift */,
			);
			path = Managers;
			sourceTree = "<group>";
		};
		FFDB0A2D209A994000CB50EE /* Models */ = {
			isa = PBXGroup;
			children = (
				FFDB0A2E209A994000CB50EE /* Contact.swift */,
			);
			path = Models;
			sourceTree = "<group>";
		};
		FFDB0A2F209A994000CB50EE /* Views */ = {
			isa = PBXGroup;
			children = (
				FFDB0A30209A994000CB50EE /* ContactCell.swift */,
			);
			path = Views;
			sourceTree = "<group>";
		};
		FFDB0A31209A994000CB50EE /* Color */ = {
			isa = PBXGroup;
			children = (
				FFDB0A32209A994000CB50EE /* ColorPickerViewController.swift */,
			);
			path = Color;
			sourceTree = "<group>";
		};
		FFDB0A33209A994000CB50EE /* Date */ = {
			isa = PBXGroup;
			children = (
				FFDB0A34209A994000CB50EE /* DatePickerViewController.swift */,
			);
			path = Date;
			sourceTree = "<group>";
		};
		FFDB0A35209A994000CB50EE /* Image */ = {
			isa = PBXGroup;
			children = (
				FFDB0A36209A994000CB50EE /* ImagePickerViewController.swift */,
				FFDB0A37209A994000CB50EE /* Views */,
			);
			path = Image;
			sourceTree = "<group>";
		};
		FFDB0A37209A994000CB50EE /* Views */ = {
			isa = PBXGroup;
			children = (
				FFDB0A38209A994000CB50EE /* ItemWithImage.swift */,
			);
			path = Views;
			sourceTree = "<group>";
		};
		FFDB0A39209A994000CB50EE /* Telegram */ = {
			isa = PBXGroup;
			children = (
				FFDB0A3A209A994000CB50EE /* Layouts */,
				FFDB0A3C209A994000CB50EE /* TelegramPickerViewController.swift */,
				FFDB0A3D209A994000CB50EE /* Views */,
			);
			path = Telegram;
			sourceTree = "<group>";
		};
		FFDB0A3A209A994000CB50EE /* Layouts */ = {
			isa = PBXGroup;
			children = (
				FFDB0A3B209A994000CB50EE /* PhotoLayout.swift */,
			);
			path = Layouts;
			sourceTree = "<group>";
		};
		FFDB0A3D209A994000CB50EE /* Views */ = {
			isa = PBXGroup;
			children = (
				FFDB0A3E209A994000CB50EE /* ItemWithPhoto.swift */,
				FFDB0A3F209A994000CB50EE /* LikeButtonCell.swift */,
			);
			path = Views;
			sourceTree = "<group>";
		};
		FFDB0A40209A994000CB50EE /* Views */ = {
			isa = PBXGroup;
			children = (
				FFDB0A41209A994000CB50EE /* Label.swift */,
				FFDB0A42209A994000CB50EE /* SegmentedControl.swift */,
				FFDB0A43209A994000CB50EE /* GradientSlider.swift */,
				FFDB0A44209A994000CB50EE /* TextField.swift */,
				FFDB0A45209A994000CB50EE /* Button.swift */,
			);
			path = Views;
			sourceTree = "<group>";
		};
		FFDDBBB7209B2EAC00954176 /* View */ = {
			isa = PBXGroup;
			children = (
				3F2588D120979562009AC275 /* BoxOfficeTableViewCell.swift */,
				FFC754E8209B62D0001D4DE2 /* MovieTableViewCell.swift */,
				3F0C23C420A6A65A004C05D7 /* TvTableViewCell.swift */,
			);
			path = View;
			sourceTree = "<group>";
		};
		FFDDBBBC209B323E00954176 /* BoxOffice */ = {
			isa = PBXGroup;
			children = (
				3F9DAF49208A535100C480F7 /* BoxOffice.swift */,
				3F2588CF20978892009AC275 /* KobisData.swift */,
				3F2588CD20978554009AC275 /* KobisAPI.swift */,
			);
			path = BoxOffice;
			sourceTree = "<group>";
		};
		FFDDBBBD209B324600954176 /* Tmdb */ = {
			isa = PBXGroup;
			children = (
				FFDDBBB8209B312300954176 /* Movie.swift */,
				FFDDBBBA209B31CB00954176 /* TmdbData.swift */,
				3FC0768A20984D7500391BC9 /* TmdbAPI.swift */,
			);
			path = Tmdb;
			sourceTree = "<group>";
		};
/* End PBXGroup section */

/* Begin PBXNativeTarget section */
		3F6A3C1F208A45B90026C4F9 /* MovieInfo */ = {
			isa = PBXNativeTarget;
			buildConfigurationList = 3F6A3C32208A45B90026C4F9 /* Build configuration list for PBXNativeTarget "MovieInfo" */;
			buildPhases = (
				57902D11CF882F263C43AAF4 /* [CP] Check Pods Manifest.lock */,
				3F6A3C1C208A45B90026C4F9 /* Sources */,
				3F6A3C1D208A45B90026C4F9 /* Frameworks */,
				3F6A3C1E208A45B90026C4F9 /* Resources */,
				516F015AF004E60B2816DD41 /* [CP] Embed Pods Frameworks */,
			);
			buildRules = (
			);
			dependencies = (
			);
			name = MovieInfo;
			productName = MovieInfo;
			productReference = 3F6A3C20208A45B90026C4F9 /* MovieInfo.app */;
			productType = "com.apple.product-type.application";
		};
/* End PBXNativeTarget section */

/* Begin PBXProject section */
		3F6A3C18208A45B90026C4F9 /* Project object */ = {
			isa = PBXProject;
			attributes = {
				LastSwiftUpdateCheck = 0920;
				LastUpgradeCheck = 0930;
				ORGANIZATIONNAME = Jaeseong;
				TargetAttributes = {
					3F6A3C1F208A45B90026C4F9 = {
						CreatedOnToolsVersion = 9.2;
						ProvisioningStyle = Automatic;
					};
				};
			};
			buildConfigurationList = 3F6A3C1B208A45B90026C4F9 /* Build configuration list for PBXProject "MovieInfo" */;
			compatibilityVersion = "Xcode 8.0";
			developmentRegion = en;
			hasScannedForEncodings = 0;
			knownRegions = (
				en,
				Base,
			);
			mainGroup = 3F6A3C17208A45B90026C4F9;
			productRefGroup = 3F6A3C21208A45B90026C4F9 /* Products */;
			projectDirPath = "";
			projectRoot = "";
			targets = (
				3F6A3C1F208A45B90026C4F9 /* MovieInfo */,
			);
		};
/* End PBXProject section */

/* Begin PBXResourcesBuildPhase section */
		3F6A3C1E208A45B90026C4F9 /* Resources */ = {
			isa = PBXResourcesBuildPhase;
			buildActionMask = 2147483647;
			files = (
				FFDB09F2209A05B000CB50EE /* BoxOffice.storyboard in Resources */,
				FFC754E0209B5EB8001D4DE2 /* Movie.storyboard in Resources */,
				FFDB0A59209A994000CB50EE /* Countries.bundle in Resources */,
				3F6A3C2E208A45B90026C4F9 /* LaunchScreen.storyboard in Resources */,
				3F6A3C2B208A45B90026C4F9 /* Assets.xcassets in Resources */,
				3FF88F4020A46EA90026DDD6 /* Tv.storyboard in Resources */,
				3F6A3C29208A45B90026C4F9 /* Main.storyboard in Resources */,
			);
			runOnlyForDeploymentPostprocessing = 0;
		};
/* End PBXResourcesBuildPhase section */

/* Begin PBXShellScriptBuildPhase section */
		516F015AF004E60B2816DD41 /* [CP] Embed Pods Frameworks */ = {
			isa = PBXShellScriptBuildPhase;
			buildActionMask = 2147483647;
			files = (
			);
			inputPaths = (
				"${SRCROOT}/Pods/Target Support Files/Pods-MovieInfo/Pods-MovieInfo-frameworks.sh",
				"${BUILT_PRODUCTS_DIR}/Alamofire/Alamofire.framework",
				"${BUILT_PRODUCTS_DIR}/DateToolsSwift/DateToolsSwift.framework",
				"${BUILT_PRODUCTS_DIR}/Kingfisher/Kingfisher.framework",
				"${BUILT_PRODUCTS_DIR}/MKProgress/MKProgress.framework",
				"${BUILT_PRODUCTS_DIR}/SwiftyJSON/SwiftyJSON.framework",
				"${BUILT_PRODUCTS_DIR}/XLPagerTabStrip/XLPagerTabStrip.framework",
			);
			name = "[CP] Embed Pods Frameworks";
			outputPaths = (
				"${TARGET_BUILD_DIR}/${FRAMEWORKS_FOLDER_PATH}/Alamofire.framework",
				"${TARGET_BUILD_DIR}/${FRAMEWORKS_FOLDER_PATH}/DateToolsSwift.framework",
				"${TARGET_BUILD_DIR}/${FRAMEWORKS_FOLDER_PATH}/Kingfisher.framework",
				"${TARGET_BUILD_DIR}/${FRAMEWORKS_FOLDER_PATH}/MKProgress.framework",
				"${TARGET_BUILD_DIR}/${FRAMEWORKS_FOLDER_PATH}/SwiftyJSON.framework",
				"${TARGET_BUILD_DIR}/${FRAMEWORKS_FOLDER_PATH}/XLPagerTabStrip.framework",
			);
			runOnlyForDeploymentPostprocessing = 0;
			shellPath = /bin/sh;
			shellScript = "\"${SRCROOT}/Pods/Target Support Files/Pods-MovieInfo/Pods-MovieInfo-frameworks.sh\"\n";
			showEnvVarsInLog = 0;
		};
		57902D11CF882F263C43AAF4 /* [CP] Check Pods Manifest.lock */ = {
			isa = PBXShellScriptBuildPhase;
			buildActionMask = 2147483647;
			files = (
			);
			inputPaths = (
				"${PODS_PODFILE_DIR_PATH}/Podfile.lock",
				"${PODS_ROOT}/Manifest.lock",
			);
			name = "[CP] Check Pods Manifest.lock";
			outputPaths = (
				"$(DERIVED_FILE_DIR)/Pods-MovieInfo-checkManifestLockResult.txt",
			);
			runOnlyForDeploymentPostprocessing = 0;
			shellPath = /bin/sh;
			shellScript = "diff \"${PODS_PODFILE_DIR_PATH}/Podfile.lock\" \"${PODS_ROOT}/Manifest.lock\" > /dev/null\nif [ $? != 0 ] ; then\n    # print error to STDERR\n    echo \"error: The sandbox is not in sync with the Podfile.lock. Run 'pod install' or update your CocoaPods installation.\" >&2\n    exit 1\nfi\n# This output is used by Xcode 'outputs' to avoid re-running this script phase.\necho \"SUCCESS\" > \"${SCRIPT_OUTPUT_FILE_0}\"\n";
			showEnvVarsInLog = 0;
		};
/* End PBXShellScriptBuildPhase section */

/* Begin PBXSourcesBuildPhase section */
		3F6A3C1C208A45B90026C4F9 /* Sources */ = {
			isa = PBXSourcesBuildPhase;
			buildActionMask = 2147483647;
			files = (
				FFDB0A77209A994000CB50EE /* SegmentedControl.swift in Sources */,
				3FF88F4520A471060026DDD6 /* TvData.swift in Sources */,
				FFDB0A48209A994000CB50EE /* UIImageView+Extensions.swift in Sources */,
				3FECCB192098853900DA7C62 /* WeekdayBoxOffice.swift in Sources */,
				FFDB0A6C209A994000CB50EE /* Contact.swift in Sources */,
				3FC076892098237300391BC9 /* WeeklyBoxOffice.swift in Sources */,
				FFDB0A53209A994000CB50EE /* Optional+Extensions.swift in Sources */,
				FFDDBBBB209B31CB00954176 /* TmdbData.swift in Sources */,
				FFDB0A75209A994000CB50EE /* LikeButtonCell.swift in Sources */,
				FFDB0A5C209A994000CB50EE /* LocalePickerViewController.swift in Sources */,
				FFDB0A65209A994000CB50EE /* LocationPickerViewController.swift in Sources */,
				FFDB0A5F209A994000CB50EE /* CountryCell.swift in Sources */,
				FFC754EC209B66C0001D4DE2 /* TopRateMovie.swift in Sources */,
				FFDDBBB9209B312300954176 /* Movie.swift in Sources */,
				3F2588D020978892009AC275 /* KobisData.swift in Sources */,
				FFDB0A61209A994000CB50EE /* OneTextFieldViewController.swift in Sources */,
				FFDB0A58209A994000CB50EE /* TextViewController.swift in Sources */,
				FFDB0A74209A994000CB50EE /* ItemWithPhoto.swift in Sources */,
				FFDB0A4E209A994000CB50EE /* UIColor+Extensions.swift in Sources */,
				FFDB0A52209A994000CB50EE /* UIAlertController+Extensions.swift in Sources */,
				FFDB09F02099EC1700CB50EE /* BoxOfficeParent.swift in Sources */,
				FFDB0A6B209A994000CB50EE /* Contacts.swift in Sources */,
				FFDB0A5A209A994000CB50EE /* LocaleStore.swift in Sources */,
				3FC076932098811B00391BC9 /* BoxOffices.swift in Sources */,
				FFDB0A4A209A994000CB50EE /* UIView+Extensions.swift in Sources */,
				FFDB0A6D209A994000CB50EE /* ContactCell.swift in Sources */,
				FFDB0A68209A994000CB50EE /* Address.swift in Sources */,
				FFDB0A72209A994000CB50EE /* PhotoLayout.swift in Sources */,
				FFC754E7209B6146001D4DE2 /* Movies.swift in Sources */,
				FFDB0A79209A994000CB50EE /* TextField.swift in Sources */,
				FFDB0A54209A994000CB50EE /* Common+Extensions.swift in Sources */,
				FFDB0A50209A994000CB50EE /* UISearchBar+Extensions.swift in Sources */,
				FFC754E9209B62D0001D4DE2 /* MovieTableViewCell.swift in Sources */,
				3F5E9CB620A03FF600341952 /* Latest.swift in Sources */,
				3F0C23C720A6AA6E004C05D7 /* Tvs.swift in Sources */,
				3F6A3C26208A45B90026C4F9 /* DailyBoxOffice.swift in Sources */,
				FFDB0A73209A994000CB50EE /* TelegramPickerViewController.swift in Sources */,
				FFDB0A64209A994000CB50EE /* LocationSearchResultsViewController.swift in Sources */,
				FFDB0A71209A994000CB50EE /* ItemWithImage.swift in Sources */,
				FFDB0A66209A994000CB50EE /* SearchHistoryManager.swift in Sources */,
				FFDB0A62209A994000CB50EE /* Assets.swift in Sources */,
				FFDB0A6E209A994000CB50EE /* ColorPickerViewController.swift in Sources */,
				FFDB0A67209A994000CB50EE /* Location.swift in Sources */,
				FFDB0A7A209A994000CB50EE /* Button.swift in Sources */,
				3F9DAF4A208A535100C480F7 /* BoxOffice.swift in Sources */,
				3FECCB1B2098854C00DA7C62 /* WeekendBoxOffice.swift in Sources */,
				FFC754E3209B5F4E001D4DE2 /* MovieParent.swift in Sources */,
				FFDB0A5B209A994000CB50EE /* LocaleInfo.swift in Sources */,
				FFDB0A63209A994000CB50EE /* PhotoLibraryPickerViewController.swift in Sources */,
				3F2588D220979562009AC275 /* BoxOfficeTableViewCell.swift in Sources */,
				FFDB0A76209A994000CB50EE /* Label.swift in Sources */,
				FFDB0A78209A994000CB50EE /* GradientSlider.swift in Sources */,
				FFDB0A6A209A994000CB50EE /* ContactsPickerViewController.swift in Sources */,
				FFDB0A4D209A994000CB50EE /* UITextView+Extensions.swift in Sources */,
				FFDB0A56209A994000CB50EE /* UITextField+Extensions.swift in Sources */,
				FFDB0A70209A994000CB50EE /* ImagePickerViewController.swift in Sources */,
				FFDB0A51209A994000CB50EE /* UIApplication+Extensions.swift in Sources */,
				3F0C23C320A6A50F004C05D7 /* TvParent.swift in Sources */,
				FFDB0A46209A994000CB50EE /* Array+Extensions.swift in Sources */,
				FFDB0A60209A994000CB50EE /* TwoTextFieldsViewController.swift in Sources */,
				3F5E9CB220A03FB300341952 /* NowPlaying.swift in Sources */,
				3F0C23BB20A5C99A004C05D7 /* APIRequest.swift in Sources */,
				FFDB0A5E209A994000CB50EE /* CurrencyCell.swift in Sources */,
				3FF88F4220A470200026DDD6 /* TV.swift in Sources */,
				FFDB0A6F209A994000CB50EE /* DatePickerViewController.swift in Sources */,
				FFDB0A47209A994000CB50EE /* UISegmentedControl+Extensions.swift in Sources */,
				3F0C23C520A6A65A004C05D7 /* TvTableViewCell.swift in Sources */,
				FFDB0A4F209A994000CB50EE /* UIImage+Extensions.swift in Sources */,
				FFDB0A69209A994000CB50EE /* PickerViewViewController.swift in Sources */,
				FFDB0A4C209A994000CB50EE /* String+Extensions.swift in Sources */,
				3F5E9CB420A03FCF00341952 /* UpComing.swift in Sources */,
				FFDB0A49209A994000CB50EE /* UIViewController+Extensions.swift in Sources */,
				FFC754EE209B688D001D4DE2 /* Extension.swift in Sources */,
				FFDB0A5D209A994000CB50EE /* PhoneCodeCell.swift in Sources */,
				3F0C23BD20A5CCE4004C05D7 /* AiringToday.swift in Sources */,
				FFC754E5209B5FF9001D4DE2 /* Parent.swift in Sources */,
				3FC0768B20984D7500391BC9 /* TmdbAPI.swift in Sources */,
				3F5E9CB020A03D6100341952 /* Popular.swift in Sources */,
				3F2588CE20978554009AC275 /* KobisAPI.swift in Sources */,
				FFDB0A57209A994000CB50EE /* AttributedTextBlock.swift in Sources */,
				FFDB0A55209A994000CB50EE /* Locale+Extensions.swift in Sources */,
				3F6A3C24208A45B90026C4F9 /* AppDelegate.swift in Sources */,
				FFDB0A4B209A994000CB50EE /* Date+Extension.swift in Sources */,
			);
			runOnlyForDeploymentPostprocessing = 0;
		};
/* End PBXSourcesBuildPhase section */

/* Begin PBXVariantGroup section */
		3F6A3C27208A45B90026C4F9 /* Main.storyboard */ = {
			isa = PBXVariantGroup;
			children = (
				3F6A3C28208A45B90026C4F9 /* Base */,
			);
			name = Main.storyboard;
			sourceTree = "<group>";
		};
		3F6A3C2C208A45B90026C4F9 /* LaunchScreen.storyboard */ = {
			isa = PBXVariantGroup;
			children = (
				3F6A3C2D208A45B90026C4F9 /* Base */,
			);
			name = LaunchScreen.storyboard;
			sourceTree = "<group>";
		};
/* End PBXVariantGroup section */

/* Begin XCBuildConfiguration section */
		3F6A3C30208A45B90026C4F9 /* Debug */ = {
			isa = XCBuildConfiguration;
			buildSettings = {
				ALWAYS_SEARCH_USER_PATHS = NO;
				CLANG_ANALYZER_NONNULL = YES;
				CLANG_ANALYZER_NUMBER_OBJECT_CONVERSION = YES_AGGRESSIVE;
				CLANG_CXX_LANGUAGE_STANDARD = "gnu++14";
				CLANG_CXX_LIBRARY = "libc++";
				CLANG_ENABLE_MODULES = YES;
				CLANG_ENABLE_OBJC_ARC = YES;
				CLANG_WARN_BLOCK_CAPTURE_AUTORELEASING = YES;
				CLANG_WARN_BOOL_CONVERSION = YES;
				CLANG_WARN_COMMA = YES;
				CLANG_WARN_CONSTANT_CONVERSION = YES;
				CLANG_WARN_DEPRECATED_OBJC_IMPLEMENTATIONS = YES;
				CLANG_WARN_DIRECT_OBJC_ISA_USAGE = YES_ERROR;
				CLANG_WARN_DOCUMENTATION_COMMENTS = YES;
				CLANG_WARN_EMPTY_BODY = YES;
				CLANG_WARN_ENUM_CONVERSION = YES;
				CLANG_WARN_INFINITE_RECURSION = YES;
				CLANG_WARN_INT_CONVERSION = YES;
				CLANG_WARN_NON_LITERAL_NULL_CONVERSION = YES;
				CLANG_WARN_OBJC_IMPLICIT_RETAIN_SELF = YES;
				CLANG_WARN_OBJC_LITERAL_CONVERSION = YES;
				CLANG_WARN_OBJC_ROOT_CLASS = YES_ERROR;
				CLANG_WARN_RANGE_LOOP_ANALYSIS = YES;
				CLANG_WARN_STRICT_PROTOTYPES = YES;
				CLANG_WARN_SUSPICIOUS_MOVE = YES;
				CLANG_WARN_UNGUARDED_AVAILABILITY = YES_AGGRESSIVE;
				CLANG_WARN_UNREACHABLE_CODE = YES;
				CLANG_WARN__DUPLICATE_METHOD_MATCH = YES;
				CODE_SIGN_IDENTITY = "iPhone Developer";
				COPY_PHASE_STRIP = NO;
				DEBUG_INFORMATION_FORMAT = dwarf;
				ENABLE_STRICT_OBJC_MSGSEND = YES;
				ENABLE_TESTABILITY = YES;
				GCC_C_LANGUAGE_STANDARD = gnu11;
				GCC_DYNAMIC_NO_PIC = NO;
				GCC_NO_COMMON_BLOCKS = YES;
				GCC_OPTIMIZATION_LEVEL = 0;
				GCC_PREPROCESSOR_DEFINITIONS = (
					"DEBUG=1",
					"$(inherited)",
				);
				GCC_WARN_64_TO_32_BIT_CONVERSION = YES;
				GCC_WARN_ABOUT_RETURN_TYPE = YES_ERROR;
				GCC_WARN_UNDECLARED_SELECTOR = YES;
				GCC_WARN_UNINITIALIZED_AUTOS = YES_AGGRESSIVE;
				GCC_WARN_UNUSED_FUNCTION = YES;
				GCC_WARN_UNUSED_VARIABLE = YES;
				IPHONEOS_DEPLOYMENT_TARGET = 10.0;
				MTL_ENABLE_DEBUG_INFO = YES;
				ONLY_ACTIVE_ARCH = YES;
				SDKROOT = iphoneos;
				SWIFT_ACTIVE_COMPILATION_CONDITIONS = DEBUG;
				SWIFT_OPTIMIZATION_LEVEL = "-Onone";
			};
			name = Debug;
		};
		3F6A3C31208A45B90026C4F9 /* Release */ = {
			isa = XCBuildConfiguration;
			buildSettings = {
				ALWAYS_SEARCH_USER_PATHS = NO;
				CLANG_ANALYZER_NONNULL = YES;
				CLANG_ANALYZER_NUMBER_OBJECT_CONVERSION = YES_AGGRESSIVE;
				CLANG_CXX_LANGUAGE_STANDARD = "gnu++14";
				CLANG_CXX_LIBRARY = "libc++";
				CLANG_ENABLE_MODULES = YES;
				CLANG_ENABLE_OBJC_ARC = YES;
				CLANG_WARN_BLOCK_CAPTURE_AUTORELEASING = YES;
				CLANG_WARN_BOOL_CONVERSION = YES;
				CLANG_WARN_COMMA = YES;
				CLANG_WARN_CONSTANT_CONVERSION = YES;
				CLANG_WARN_DEPRECATED_OBJC_IMPLEMENTATIONS = YES;
				CLANG_WARN_DIRECT_OBJC_ISA_USAGE = YES_ERROR;
				CLANG_WARN_DOCUMENTATION_COMMENTS = YES;
				CLANG_WARN_EMPTY_BODY = YES;
				CLANG_WARN_ENUM_CONVERSION = YES;
				CLANG_WARN_INFINITE_RECURSION = YES;
				CLANG_WARN_INT_CONVERSION = YES;
				CLANG_WARN_NON_LITERAL_NULL_CONVERSION = YES;
				CLANG_WARN_OBJC_IMPLICIT_RETAIN_SELF = YES;
				CLANG_WARN_OBJC_LITERAL_CONVERSION = YES;
				CLANG_WARN_OBJC_ROOT_CLASS = YES_ERROR;
				CLANG_WARN_RANGE_LOOP_ANALYSIS = YES;
				CLANG_WARN_STRICT_PROTOTYPES = YES;
				CLANG_WARN_SUSPICIOUS_MOVE = YES;
				CLANG_WARN_UNGUARDED_AVAILABILITY = YES_AGGRESSIVE;
				CLANG_WARN_UNREACHABLE_CODE = YES;
				CLANG_WARN__DUPLICATE_METHOD_MATCH = YES;
				CODE_SIGN_IDENTITY = "iPhone Developer";
				COPY_PHASE_STRIP = NO;
				DEBUG_INFORMATION_FORMAT = "dwarf-with-dsym";
				ENABLE_NS_ASSERTIONS = NO;
				ENABLE_STRICT_OBJC_MSGSEND = YES;
				GCC_C_LANGUAGE_STANDARD = gnu11;
				GCC_NO_COMMON_BLOCKS = YES;
				GCC_WARN_64_TO_32_BIT_CONVERSION = YES;
				GCC_WARN_ABOUT_RETURN_TYPE = YES_ERROR;
				GCC_WARN_UNDECLARED_SELECTOR = YES;
				GCC_WARN_UNINITIALIZED_AUTOS = YES_AGGRESSIVE;
				GCC_WARN_UNUSED_FUNCTION = YES;
				GCC_WARN_UNUSED_VARIABLE = YES;
				IPHONEOS_DEPLOYMENT_TARGET = 10.0;
				MTL_ENABLE_DEBUG_INFO = NO;
				SDKROOT = iphoneos;
				SWIFT_OPTIMIZATION_LEVEL = "-Owholemodule";
				VALIDATE_PRODUCT = YES;
			};
			name = Release;
		};
		3F6A3C33208A45B90026C4F9 /* Debug */ = {
			isa = XCBuildConfiguration;
			baseConfigurationReference = D8CE9C27198BF3309FE9A16A /* Pods-MovieInfo.debug.xcconfig */;
			buildSettings = {
				ASSETCATALOG_COMPILER_APPICON_NAME = AppIcon;
				CODE_SIGN_STYLE = Automatic;
				DEVELOPMENT_TEAM = FNEH2787UY;
				INFOPLIST_FILE = MovieInfo/Info.plist;
				IPHONEOS_DEPLOYMENT_TARGET = 11.0;
				LD_RUNPATH_SEARCH_PATHS = "$(inherited) @executable_path/Frameworks";
				PRODUCT_BUNDLE_IDENTIFIER = com.toygift.MovieInfo;
				PRODUCT_NAME = "$(TARGET_NAME)";
				SWIFT_VERSION = 4.0;
				TARGETED_DEVICE_FAMILY = "1,2";
			};
			name = Debug;
		};
		3F6A3C34208A45B90026C4F9 /* Release */ = {
			isa = XCBuildConfiguration;
			baseConfigurationReference = B479C1365FA5AB7001668511 /* Pods-MovieInfo.release.xcconfig */;
			buildSettings = {
				ASSETCATALOG_COMPILER_APPICON_NAME = AppIcon;
				CODE_SIGN_STYLE = Automatic;
				DEVELOPMENT_TEAM = FNEH2787UY;
				INFOPLIST_FILE = MovieInfo/Info.plist;
				IPHONEOS_DEPLOYMENT_TARGET = 11.0;
				LD_RUNPATH_SEARCH_PATHS = "$(inherited) @executable_path/Frameworks";
				PRODUCT_BUNDLE_IDENTIFIER = com.toygift.MovieInfo;
				PRODUCT_NAME = "$(TARGET_NAME)";
				SWIFT_VERSION = 4.0;
				TARGETED_DEVICE_FAMILY = "1,2";
			};
			name = Release;
		};
/* End XCBuildConfiguration section */

/* Begin XCConfigurationList section */
		3F6A3C1B208A45B90026C4F9 /* Build configuration list for PBXProject "MovieInfo" */ = {
			isa = XCConfigurationList;
			buildConfigurations = (
				3F6A3C30208A45B90026C4F9 /* Debug */,
				3F6A3C31208A45B90026C4F9 /* Release */,
			);
			defaultConfigurationIsVisible = 0;
			defaultConfigurationName = Release;
		};
		3F6A3C32208A45B90026C4F9 /* Build configuration list for PBXNativeTarget "MovieInfo" */ = {
			isa = XCConfigurationList;
			buildConfigurations = (
				3F6A3C33208A45B90026C4F9 /* Debug */,
				3F6A3C34208A45B90026C4F9 /* Release */,
			);
			defaultConfigurationIsVisible = 0;
			defaultConfigurationName = Release;
		};
/* End XCConfigurationList section */
	};
	rootObject = 3F6A3C18208A45B90026C4F9 /* Project object */;
}
